// !$*UTF8*$!
{
	archiveVersion = 1;
	classes = {
	};
	objectVersion = 46;
	objects = {

/* Begin PBXBuildFile section */
		DD49B8D715E2DF9D0055CCEE /* LoadingTile.png in Resources */ = {isa = PBXBuildFile; fileRef = DD49B8D515E2DF9D0055CCEE /* LoadingTile.png */; };
		DD49B8D815E2DF9D0055CCEE /* LoadingTileZoom.png in Resources */ = {isa = PBXBuildFile; fileRef = DD49B8D615E2DF9D0055CCEE /* LoadingTileZoom.png */; };
		DD50C8CE15D30BB7006CA033 /* Washington, DC.gpx in Resources */ = {isa = PBXBuildFile; fileRef = DD50C8CD15D30BB7006CA033 /* Washington, DC.gpx */; };
		DD8CD17C158C27F200067C1B /* UIKit.framework in Frameworks */ = {isa = PBXBuildFile; fileRef = DD8CD17B158C27F200067C1B /* UIKit.framework */; };
		DD8CD17E158C27F200067C1B /* Foundation.framework in Frameworks */ = {isa = PBXBuildFile; fileRef = DD8CD17D158C27F200067C1B /* Foundation.framework */; };
		DD8CD180158C27F200067C1B /* CoreGraphics.framework in Frameworks */ = {isa = PBXBuildFile; fileRef = DD8CD17F158C27F200067C1B /* CoreGraphics.framework */; };
		DD8CD186158C27F300067C1B /* InfoPlist.strings in Resources */ = {isa = PBXBuildFile; fileRef = DD8CD184158C27F300067C1B /* InfoPlist.strings */; };
		DD8CD188158C27F300067C1B /* main.m in Sources */ = {isa = PBXBuildFile; fileRef = DD8CD187158C27F300067C1B /* main.m */; };
		DD8CD18C158C27F300067C1B /* MBWPAppDelegate.m in Sources */ = {isa = PBXBuildFile; fileRef = DD8CD18B158C27F300067C1B /* MBWPAppDelegate.m */; };
		DD8CD18F158C27F300067C1B /* MBWPViewController.m in Sources */ = {isa = PBXBuildFile; fileRef = DD8CD18E158C27F300067C1B /* MBWPViewController.m */; };
		DD8CD192158C27F300067C1B /* MBWPViewController.xib in Resources */ = {isa = PBXBuildFile; fileRef = DD8CD190158C27F300067C1B /* MBWPViewController.xib */; };
		DD8CD1B0158C297C00067C1B /* CoreLocation.framework in Frameworks */ = {isa = PBXBuildFile; fileRef = DD8CD1AF158C297C00067C1B /* CoreLocation.framework */; };
		DD8CD1B2158C298200067C1B /* QuartzCore.framework in Frameworks */ = {isa = PBXBuildFile; fileRef = DD8CD1B1158C298200067C1B /* QuartzCore.framework */; };
		DD8CD1B4158C298700067C1B /* libsqlite3.dylib in Frameworks */ = {isa = PBXBuildFile; fileRef = DD8CD1B3158C298700067C1B /* libsqlite3.dylib */; };
		DD8CD1B6158C298B00067C1B /* libz.dylib in Frameworks */ = {isa = PBXBuildFile; fileRef = DD8CD1B5158C298B00067C1B /* libz.dylib */; };
		DD8CD1B9158C2A7500067C1B /* MBWPSearchViewController.m in Sources */ = {isa = PBXBuildFile; fileRef = DD8CD1B8158C2A7500067C1B /* MBWPSearchViewController.m */; };
		DD8CD1C5158C2ACC00067C1B /* HeadingAngleSmall.png in Resources */ = {isa = PBXBuildFile; fileRef = DD8CD1BB158C2ACC00067C1B /* HeadingAngleSmall.png */; };
		DD8CD1C6158C2ACC00067C1B /* HeadingAngleSmall@2x.png in Resources */ = {isa = PBXBuildFile; fileRef = DD8CD1BC158C2ACC00067C1B /* HeadingAngleSmall@2x.png */; };
		DD8CD1C7158C2ACC00067C1B /* TrackingDot.png in Resources */ = {isa = PBXBuildFile; fileRef = DD8CD1BD158C2ACC00067C1B /* TrackingDot.png */; };
		DD8CD1C8158C2ACC00067C1B /* TrackingDot@2x.png in Resources */ = {isa = PBXBuildFile; fileRef = DD8CD1BE158C2ACC00067C1B /* TrackingDot@2x.png */; };
		DD8CD1C9158C2ACC00067C1B /* TrackingDotHalo.png in Resources */ = {isa = PBXBuildFile; fileRef = DD8CD1BF158C2ACC00067C1B /* TrackingDotHalo.png */; };
		DD8CD1CA158C2ACC00067C1B /* TrackingDotHalo@2x.png in Resources */ = {isa = PBXBuildFile; fileRef = DD8CD1C0158C2ACC00067C1B /* TrackingDotHalo@2x.png */; };
		DD8CD1CB158C2ACC00067C1B /* TrackingHeading.png in Resources */ = {isa = PBXBuildFile; fileRef = DD8CD1C1158C2ACC00067C1B /* TrackingHeading.png */; };
		DD8CD1CC158C2ACC00067C1B /* TrackingHeading@2x.png in Resources */ = {isa = PBXBuildFile; fileRef = DD8CD1C2158C2ACC00067C1B /* TrackingHeading@2x.png */; };
		DD8CD1CD158C2ACC00067C1B /* TrackingLocation.png in Resources */ = {isa = PBXBuildFile; fileRef = DD8CD1C3158C2ACC00067C1B /* TrackingLocation.png */; };
		DD8CD1CE158C2ACC00067C1B /* TrackingLocation@2x.png in Resources */ = {isa = PBXBuildFile; fileRef = DD8CD1C4158C2ACC00067C1B /* TrackingLocation@2x.png */; };
		DD8CD1CF158C2BE900067C1B /* libMapView.a in Frameworks */ = {isa = PBXBuildFile; fileRef = DD8CD1A9158C296000067C1B /* libMapView.a */; };
		DD8D9582158C4ABB00C4C4C3 /* MBWPDetailViewController.m in Sources */ = {isa = PBXBuildFile; fileRef = DD8D9581158C4ABB00C4C4C3 /* MBWPDetailViewController.m */; };
		DD930BF315ACFCC90066071A /* icon@2x.png in Resources */ = {isa = PBXBuildFile; fileRef = DD930BF215ACFCC90066071A /* icon@2x.png */; };
		DD9530A7158F933A00E9FD42 /* UIColor+MBWPExtensions.m in Sources */ = {isa = PBXBuildFile; fileRef = DD9530A6158F933A00E9FD42 /* UIColor+MBWPExtensions.m */; };
		DD9BFE4F1601419B0011F174 /* Default-568h@2x.png in Resources */ = {isa = PBXBuildFile; fileRef = DD9BFE4E1601419B0011F174 /* Default-568h@2x.png */; };
		DDA38812158FAF6600AC339E /* icon.png in Resources */ = {isa = PBXBuildFile; fileRef = DDA38811158FAF6600AC339E /* icon.png */; };
		DDC007131601604100E42892 /* mapbox.png in Resources */ = {isa = PBXBuildFile; fileRef = DDC007111601604100E42892 /* mapbox.png */; };
		DDC007141601604100E42892 /* mapbox@2x.png in Resources */ = {isa = PBXBuildFile; fileRef = DDC007121601604100E42892 /* mapbox@2x.png */; };
		DDD7C5EF159002300061B9F4 /* Entitlements.plist in Resources */ = {isa = PBXBuildFile; fileRef = DDD7C5EE159002300061B9F4 /* Entitlements.plist */; };
/* End PBXBuildFile section */

/* Begin PBXContainerItemProxy section */
		DD8CD1A8158C296000067C1B /* PBXContainerItemProxy */ = {
			isa = PBXContainerItemProxy;
			containerPortal = DD8CD199158C295F00067C1B /* MapView.xcodeproj */;
			proxyType = 2;
			remoteGlobalIDString = 17F31EFA1331050A00122B16;
			remoteInfo = MapView;
		};
		DD8CD1AD158C297600067C1B /* PBXContainerItemProxy */ = {
			isa = PBXContainerItemProxy;
			containerPortal = DD8CD199158C295F00067C1B /* MapView.xcodeproj */;
			proxyType = 1;
			remoteGlobalIDString = B8C974130E8A19B2007D16AD;
			remoteInfo = MapView;
		};
/* End PBXContainerItemProxy section */

/* Begin PBXFileReference section */
		DD49B8D515E2DF9D0055CCEE /* LoadingTile.png */ = {isa = PBXFileReference; lastKnownFileType = image.png; name = LoadingTile.png; path = "MapBox-iOS-SDK/MapView/Map/Resources/LoadingTile.png"; sourceTree = SOURCE_ROOT; };
		DD49B8D615E2DF9D0055CCEE /* LoadingTileZoom.png */ = {isa = PBXFileReference; lastKnownFileType = image.png; name = LoadingTileZoom.png; path = "MapBox-iOS-SDK/MapView/Map/Resources/LoadingTileZoom.png"; sourceTree = SOURCE_ROOT; };
		DD50C8CD15D30BB7006CA033 /* Washington, DC.gpx */ = {isa = PBXFileReference; fileEncoding = 4; lastKnownFileType = text.xml; path = "Washington, DC.gpx"; sourceTree = SOURCE_ROOT; };
		DD8CD177158C27F200067C1B /* Picks.app */ = {isa = PBXFileReference; explicitFileType = wrapper.application; includeInIndex = 0; path = Picks.app; sourceTree = BUILT_PRODUCTS_DIR; };
		DD8CD17B158C27F200067C1B /* UIKit.framework */ = {isa = PBXFileReference; lastKnownFileType = wrapper.framework; name = UIKit.framework; path = System/Library/Frameworks/UIKit.framework; sourceTree = SDKROOT; };
		DD8CD17D158C27F200067C1B /* Foundation.framework */ = {isa = PBXFileReference; lastKnownFileType = wrapper.framework; name = Foundation.framework; path = System/Library/Frameworks/Foundation.framework; sourceTree = SDKROOT; };
		DD8CD17F158C27F200067C1B /* CoreGraphics.framework */ = {isa = PBXFileReference; lastKnownFileType = wrapper.framework; name = CoreGraphics.framework; path = System/Library/Frameworks/CoreGraphics.framework; sourceTree = SDKROOT; };
		DD8CD183158C27F300067C1B /* Weekend Picks-Info.plist */ = {isa = PBXFileReference; lastKnownFileType = text.plist.xml; path = "Weekend Picks-Info.plist"; sourceTree = "<group>"; };
		DD8CD185158C27F300067C1B /* en */ = {isa = PBXFileReference; lastKnownFileType = text.plist.strings; name = en; path = en.lproj/InfoPlist.strings; sourceTree = "<group>"; };
		DD8CD187158C27F300067C1B /* main.m */ = {isa = PBXFileReference; lastKnownFileType = sourcecode.c.objc; path = main.m; sourceTree = "<group>"; };
		DD8CD189158C27F300067C1B /* Weekend Picks-Prefix.pch */ = {isa = PBXFileReference; lastKnownFileType = sourcecode.c.h; path = "Weekend Picks-Prefix.pch"; sourceTree = "<group>"; };
		DD8CD18A158C27F300067C1B /* MBWPAppDelegate.h */ = {isa = PBXFileReference; lastKnownFileType = sourcecode.c.h; path = MBWPAppDelegate.h; sourceTree = "<group>"; };
		DD8CD18B158C27F300067C1B /* MBWPAppDelegate.m */ = {isa = PBXFileReference; lastKnownFileType = sourcecode.c.objc; path = MBWPAppDelegate.m; sourceTree = "<group>"; };
		DD8CD18D158C27F300067C1B /* MBWPViewController.h */ = {isa = PBXFileReference; lastKnownFileType = sourcecode.c.h; path = MBWPViewController.h; sourceTree = "<group>"; };
		DD8CD18E158C27F300067C1B /* MBWPViewController.m */ = {isa = PBXFileReference; lastKnownFileType = sourcecode.c.objc; path = MBWPViewController.m; sourceTree = "<group>"; };
		DD8CD191158C27F300067C1B /* en */ = {isa = PBXFileReference; lastKnownFileType = file.xib; name = en; path = en.lproj/MBWPViewController.xib; sourceTree = "<group>"; };
		DD8CD199158C295F00067C1B /* MapView.xcodeproj */ = {isa = PBXFileReference; lastKnownFileType = "wrapper.pb-project"; name = MapView.xcodeproj; path = "MapBox-iOS-SDK/MapView/MapView.xcodeproj"; sourceTree = SOURCE_ROOT; };
		DD8CD1AF158C297C00067C1B /* CoreLocation.framework */ = {isa = PBXFileReference; lastKnownFileType = wrapper.framework; name = CoreLocation.framework; path = System/Library/Frameworks/CoreLocation.framework; sourceTree = SDKROOT; };
		DD8CD1B1158C298200067C1B /* QuartzCore.framework */ = {isa = PBXFileReference; lastKnownFileType = wrapper.framework; name = QuartzCore.framework; path = System/Library/Frameworks/QuartzCore.framework; sourceTree = SDKROOT; };
		DD8CD1B3158C298700067C1B /* libsqlite3.dylib */ = {isa = PBXFileReference; lastKnownFileType = "compiled.mach-o.dylib"; name = libsqlite3.dylib; path = usr/lib/libsqlite3.dylib; sourceTree = SDKROOT; };
		DD8CD1B5158C298B00067C1B /* libz.dylib */ = {isa = PBXFileReference; lastKnownFileType = "compiled.mach-o.dylib"; name = libz.dylib; path = usr/lib/libz.dylib; sourceTree = SDKROOT; };
		DD8CD1B7158C2A7500067C1B /* MBWPSearchViewController.h */ = {isa = PBXFileReference; fileEncoding = 4; lastKnownFileType = sourcecode.c.h; path = MBWPSearchViewController.h; sourceTree = "<group>"; };
		DD8CD1B8158C2A7500067C1B /* MBWPSearchViewController.m */ = {isa = PBXFileReference; fileEncoding = 4; lastKnownFileType = sourcecode.c.objc; path = MBWPSearchViewController.m; sourceTree = "<group>"; };
		DD8CD1BB158C2ACC00067C1B /* HeadingAngleSmall.png */ = {isa = PBXFileReference; lastKnownFileType = image.png; name = HeadingAngleSmall.png; path = "MapBox-iOS-SDK/MapView/Map/Resources/HeadingAngleSmall.png"; sourceTree = SOURCE_ROOT; };
		DD8CD1BC158C2ACC00067C1B /* HeadingAngleSmall@2x.png */ = {isa = PBXFileReference; lastKnownFileType = image.png; name = "HeadingAngleSmall@2x.png"; path = "MapBox-iOS-SDK/MapView/Map/Resources/HeadingAngleSmall@2x.png"; sourceTree = SOURCE_ROOT; };
		DD8CD1BD158C2ACC00067C1B /* TrackingDot.png */ = {isa = PBXFileReference; lastKnownFileType = image.png; name = TrackingDot.png; path = "MapBox-iOS-SDK/MapView/Map/Resources/TrackingDot.png"; sourceTree = SOURCE_ROOT; };
		DD8CD1BE158C2ACC00067C1B /* TrackingDot@2x.png */ = {isa = PBXFileReference; lastKnownFileType = image.png; name = "TrackingDot@2x.png"; path = "MapBox-iOS-SDK/MapView/Map/Resources/TrackingDot@2x.png"; sourceTree = SOURCE_ROOT; };
		DD8CD1BF158C2ACC00067C1B /* TrackingDotHalo.png */ = {isa = PBXFileReference; lastKnownFileType = image.png; name = TrackingDotHalo.png; path = "MapBox-iOS-SDK/MapView/Map/Resources/TrackingDotHalo.png"; sourceTree = SOURCE_ROOT; };
		DD8CD1C0158C2ACC00067C1B /* TrackingDotHalo@2x.png */ = {isa = PBXFileReference; lastKnownFileType = image.png; name = "TrackingDotHalo@2x.png"; path = "MapBox-iOS-SDK/MapView/Map/Resources/TrackingDotHalo@2x.png"; sourceTree = SOURCE_ROOT; };
		DD8CD1C1158C2ACC00067C1B /* TrackingHeading.png */ = {isa = PBXFileReference; lastKnownFileType = image.png; name = TrackingHeading.png; path = "MapBox-iOS-SDK/MapView/Map/Resources/TrackingHeading.png"; sourceTree = SOURCE_ROOT; };
		DD8CD1C2158C2ACC00067C1B /* TrackingHeading@2x.png */ = {isa = PBXFileReference; lastKnownFileType = image.png; name = "TrackingHeading@2x.png"; path = "MapBox-iOS-SDK/MapView/Map/Resources/TrackingHeading@2x.png"; sourceTree = SOURCE_ROOT; };
		DD8CD1C3158C2ACC00067C1B /* TrackingLocation.png */ = {isa = PBXFileReference; lastKnownFileType = image.png; name = TrackingLocation.png; path = "MapBox-iOS-SDK/MapView/Map/Resources/TrackingLocation.png"; sourceTree = SOURCE_ROOT; };
		DD8CD1C4158C2ACC00067C1B /* TrackingLocation@2x.png */ = {isa = PBXFileReference; lastKnownFileType = image.png; name = "TrackingLocation@2x.png"; path = "MapBox-iOS-SDK/MapView/Map/Resources/TrackingLocation@2x.png"; sourceTree = SOURCE_ROOT; };
		DD8D9580158C4ABB00C4C4C3 /* MBWPDetailViewController.h */ = {isa = PBXFileReference; fileEncoding = 4; lastKnownFileType = sourcecode.c.h; path = MBWPDetailViewController.h; sourceTree = "<group>"; };
		DD8D9581158C4ABB00C4C4C3 /* MBWPDetailViewController.m */ = {isa = PBXFileReference; fileEncoding = 4; lastKnownFileType = sourcecode.c.objc; path = MBWPDetailViewController.m; sourceTree = "<group>"; };
		DD930BF215ACFCC90066071A /* icon@2x.png */ = {isa = PBXFileReference; lastKnownFileType = image.png; path = "icon@2x.png"; sourceTree = SOURCE_ROOT; };
		DD9530A5158F933A00E9FD42 /* UIColor+MBWPExtensions.h */ = {isa = PBXFileReference; fileEncoding = 4; lastKnownFileType = sourcecode.c.h; path = "UIColor+MBWPExtensions.h"; sourceTree = "<group>"; };
		DD9530A6158F933A00E9FD42 /* UIColor+MBWPExtensions.m */ = {isa = PBXFileReference; fileEncoding = 4; lastKnownFileType = sourcecode.c.objc; path = "UIColor+MBWPExtensions.m"; sourceTree = "<group>"; };
		DD9BFE4E1601419B0011F174 /* Default-568h@2x.png */ = {isa = PBXFileReference; lastKnownFileType = image.png; path = "Default-568h@2x.png"; sourceTree = SOURCE_ROOT; };
		DDA38811158FAF6600AC339E /* icon.png */ = {isa = PBXFileReference; lastKnownFileType = image.png; path = icon.png; sourceTree = SOURCE_ROOT; };
		DDC007111601604100E42892 /* mapbox.png */ = {isa = PBXFileReference; lastKnownFileType = image.png; name = mapbox.png; path = "../MapBox-iOS-SDK/MapView/Map/Resources/mapbox.png"; sourceTree = "<group>"; };
		DDC007121601604100E42892 /* mapbox@2x.png */ = {isa = PBXFileReference; lastKnownFileType = image.png; name = "mapbox@2x.png"; path = "../MapBox-iOS-SDK/MapView/Map/Resources/mapbox@2x.png"; sourceTree = "<group>"; };
		DDD7C5EE159002300061B9F4 /* Entitlements.plist */ = {isa = PBXFileReference; fileEncoding = 4; lastKnownFileType = text.plist.xml; path = Entitlements.plist; sourceTree = SOURCE_ROOT; };
/* End PBXFileReference section */

/* Begin PBXFrameworksBuildPhase section */
		DD8CD174158C27F200067C1B /* Frameworks */ = {
			isa = PBXFrameworksBuildPhase;
			buildActionMask = 2147483647;
			files = (
				DD8CD180158C27F200067C1B /* CoreGraphics.framework in Frameworks */,
				DD8CD1B0158C297C00067C1B /* CoreLocation.framework in Frameworks */,
				DD8CD17E158C27F200067C1B /* Foundation.framework in Frameworks */,
				DD8CD1B2158C298200067C1B /* QuartzCore.framework in Frameworks */,
				DD8CD17C158C27F200067C1B /* UIKit.framework in Frameworks */,
				DD8CD1CF158C2BE900067C1B /* libMapView.a in Frameworks */,
				DD8CD1B4158C298700067C1B /* libsqlite3.dylib in Frameworks */,
				DD8CD1B6158C298B00067C1B /* libz.dylib in Frameworks */,
			);
			runOnlyForDeploymentPostprocessing = 0;
		};
/* End PBXFrameworksBuildPhase section */

/* Begin PBXGroup section */
		DD8CD16C158C27F200067C1B = {
			isa = PBXGroup;
			children = (
				DD8CD181158C27F200067C1B /* Weekend Picks */,
				DD9530A8158F965D00E9FD42 /* Categories */,
				DD8CD1BA158C2A9E00067C1B /* Resources */,
				DD8CD198158C294D00067C1B /* MapBox SDK */,
				DD8CD17A158C27F200067C1B /* Frameworks */,
				DD8CD178158C27F200067C1B /* Products */,
			);
			sourceTree = "<group>";
		};
		DD8CD178158C27F200067C1B /* Products */ = {
			isa = PBXGroup;
			children = (
				DD8CD177158C27F200067C1B /* Picks.app */,
			);
			name = Products;
			sourceTree = "<group>";
		};
		DD8CD17A158C27F200067C1B /* Frameworks */ = {
			isa = PBXGroup;
			children = (
				DD8CD17F158C27F200067C1B /* CoreGraphics.framework */,
				DD8CD1AF158C297C00067C1B /* CoreLocation.framework */,
				DD8CD17D158C27F200067C1B /* Foundation.framework */,
				DD8CD1B1158C298200067C1B /* QuartzCore.framework */,
				DD8CD17B158C27F200067C1B /* UIKit.framework */,
				DD8CD1B3158C298700067C1B /* libsqlite3.dylib */,
				DD8CD1B5158C298B00067C1B /* libz.dylib */,
			);
			name = Frameworks;
			sourceTree = "<group>";
		};
		DD8CD181158C27F200067C1B /* Weekend Picks */ = {
			isa = PBXGroup;
			children = (
				DD8CD18A158C27F300067C1B /* MBWPAppDelegate.h */,
				DD8CD18B158C27F300067C1B /* MBWPAppDelegate.m */,
				DD8CD18D158C27F300067C1B /* MBWPViewController.h */,
				DD8CD18E158C27F300067C1B /* MBWPViewController.m */,
				DD8CD190158C27F300067C1B /* MBWPViewController.xib */,
				DD8CD1B7158C2A7500067C1B /* MBWPSearchViewController.h */,
				DD8CD1B8158C2A7500067C1B /* MBWPSearchViewController.m */,
				DD8D9580158C4ABB00C4C4C3 /* MBWPDetailViewController.h */,
				DD8D9581158C4ABB00C4C4C3 /* MBWPDetailViewController.m */,
				DD8CD182158C27F300067C1B /* Supporting Files */,
			);
			path = "Weekend Picks";
			sourceTree = "<group>";
		};
		DD8CD182158C27F300067C1B /* Supporting Files */ = {
			isa = PBXGroup;
			children = (
				DD8CD183158C27F300067C1B /* Weekend Picks-Info.plist */,
				DD8CD184158C27F300067C1B /* InfoPlist.strings */,
				DD8CD187158C27F300067C1B /* main.m */,
				DD8CD189158C27F300067C1B /* Weekend Picks-Prefix.pch */,
				DDD7C5EE159002300061B9F4 /* Entitlements.plist */,
				DD50C8CD15D30BB7006CA033 /* Washington, DC.gpx */,
			);
			name = "Supporting Files";
			sourceTree = "<group>";
		};
		DD8CD198158C294D00067C1B /* MapBox SDK */ = {
			isa = PBXGroup;
			children = (
				DD8CD199158C295F00067C1B /* MapView.xcodeproj */,
			);
			name = "MapBox SDK";
			path = "Weekend Picks";
			sourceTree = "<group>";
		};
		DD8CD19A158C295F00067C1B /* Products */ = {
			isa = PBXGroup;
			children = (
				DD8CD1A9158C296000067C1B /* libMapView.a */,
			);
			name = Products;
			sourceTree = "<group>";
		};
		DD8CD1BA158C2A9E00067C1B /* Resources */ = {
			isa = PBXGroup;
			children = (
				DDA38811158FAF6600AC339E /* icon.png */,
				DD930BF215ACFCC90066071A /* icon@2x.png */,
				DD9BFE4E1601419B0011F174 /* Default-568h@2x.png */,
				DDC007111601604100E42892 /* mapbox.png */,
				DDC007121601604100E42892 /* mapbox@2x.png */,
				DD8CD1BB158C2ACC00067C1B /* HeadingAngleSmall.png */,
				DD8CD1BC158C2ACC00067C1B /* HeadingAngleSmall@2x.png */,
				DD49B8D515E2DF9D0055CCEE /* LoadingTile.png */,
				DD49B8D615E2DF9D0055CCEE /* LoadingTileZoom.png */,
				DD8CD1BD158C2ACC00067C1B /* TrackingDot.png */,
				DD8CD1BE158C2ACC00067C1B /* TrackingDot@2x.png */,
				DD8CD1BF158C2ACC00067C1B /* TrackingDotHalo.png */,
				DD8CD1C0158C2ACC00067C1B /* TrackingDotHalo@2x.png */,
				DD8CD1C1158C2ACC00067C1B /* TrackingHeading.png */,
				DD8CD1C2158C2ACC00067C1B /* TrackingHeading@2x.png */,
				DD8CD1C3158C2ACC00067C1B /* TrackingLocation.png */,
				DD8CD1C4158C2ACC00067C1B /* TrackingLocation@2x.png */,
			);
			name = Resources;
			path = "Weekend Picks";
			sourceTree = "<group>";
		};
		DD9530A8158F965D00E9FD42 /* Categories */ = {
			isa = PBXGroup;
			children = (
				DD9530A5158F933A00E9FD42 /* UIColor+MBWPExtensions.h */,
				DD9530A6158F933A00E9FD42 /* UIColor+MBWPExtensions.m */,
			);
			name = Categories;
			path = "Weekend Picks";
			sourceTree = "<group>";
		};
/* End PBXGroup section */

/* Begin PBXNativeTarget section */
		DD8CD176158C27F200067C1B /* Weekend Picks */ = {
			isa = PBXNativeTarget;
			buildConfigurationList = DD8CD195158C27F300067C1B /* Build configuration list for PBXNativeTarget "Weekend Picks" */;
			buildPhases = (
				DD8CD173158C27F200067C1B /* Sources */,
				DD8CD174158C27F200067C1B /* Frameworks */,
				DD8CD175158C27F200067C1B /* Resources */,
			);
			buildRules = (
			);
			dependencies = (
				DD8CD1AE158C297600067C1B /* PBXTargetDependency */,
			);
			name = "Weekend Picks";
			productName = "Weekend Picks";
			productReference = DD8CD177158C27F200067C1B /* Picks.app */;
			productType = "com.apple.product-type.application";
		};
/* End PBXNativeTarget section */

/* Begin PBXProject section */
		DD8CD16E158C27F200067C1B /* Project object */ = {
			isa = PBXProject;
			attributes = {
				CLASSPREFIX = MBWP;
				LastUpgradeCheck = 0430;
				ORGANIZATIONNAME = "MapBox / Development Seed";
			};
			buildConfigurationList = DD8CD171158C27F200067C1B /* Build configuration list for PBXProject "Weekend Picks" */;
			compatibilityVersion = "Xcode 3.2";
			developmentRegion = English;
			hasScannedForEncodings = 0;
			knownRegions = (
				en,
			);
			mainGroup = DD8CD16C158C27F200067C1B;
			productRefGroup = DD8CD178158C27F200067C1B /* Products */;
			projectDirPath = "";
			projectReferences = (
				{
					ProductGroup = DD8CD19A158C295F00067C1B /* Products */;
					ProjectRef = DD8CD199158C295F00067C1B /* MapView.xcodeproj */;
				},
			);
			projectRoot = "";
			targets = (
				DD8CD176158C27F200067C1B /* Weekend Picks */,
			);
		};
/* End PBXProject section */

/* Begin PBXReferenceProxy section */
		DD8CD1A9158C296000067C1B /* libMapView.a */ = {
			isa = PBXReferenceProxy;
			fileType = archive.ar;
			path = libMapView.a;
			remoteRef = DD8CD1A8158C296000067C1B /* PBXContainerItemProxy */;
			sourceTree = BUILT_PRODUCTS_DIR;
		};
/* End PBXReferenceProxy section */

/* Begin PBXResourcesBuildPhase section */
		DD8CD175158C27F200067C1B /* Resources */ = {
			isa = PBXResourcesBuildPhase;
			buildActionMask = 2147483647;
			files = (
				DD8CD186158C27F300067C1B /* InfoPlist.strings in Resources */,
				DD8CD192158C27F300067C1B /* MBWPViewController.xib in Resources */,
				DD8CD1C5158C2ACC00067C1B /* HeadingAngleSmall.png in Resources */,
				DD8CD1C6158C2ACC00067C1B /* HeadingAngleSmall@2x.png in Resources */,
				DD8CD1C7158C2ACC00067C1B /* TrackingDot.png in Resources */,
				DD8CD1C8158C2ACC00067C1B /* TrackingDot@2x.png in Resources */,
				DD8CD1C9158C2ACC00067C1B /* TrackingDotHalo.png in Resources */,
				DD8CD1CA158C2ACC00067C1B /* TrackingDotHalo@2x.png in Resources */,
				DD8CD1CB158C2ACC00067C1B /* TrackingHeading.png in Resources */,
				DD8CD1CC158C2ACC00067C1B /* TrackingHeading@2x.png in Resources */,
				DD8CD1CD158C2ACC00067C1B /* TrackingLocation.png in Resources */,
				DD8CD1CE158C2ACC00067C1B /* TrackingLocation@2x.png in Resources */,
				DDA38812158FAF6600AC339E /* icon.png in Resources */,
				DDD7C5EF159002300061B9F4 /* Entitlements.plist in Resources */,
				DD930BF315ACFCC90066071A /* icon@2x.png in Resources */,
				DD50C8CE15D30BB7006CA033 /* Washington, DC.gpx in Resources */,
				DD49B8D715E2DF9D0055CCEE /* LoadingTile.png in Resources */,
				DD49B8D815E2DF9D0055CCEE /* LoadingTileZoom.png in Resources */,
				DD9BFE4F1601419B0011F174 /* Default-568h@2x.png in Resources */,
				DDC007131601604100E42892 /* mapbox.png in Resources */,
				DDC007141601604100E42892 /* mapbox@2x.png in Resources */,
			);
			runOnlyForDeploymentPostprocessing = 0;
		};
/* End PBXResourcesBuildPhase section */

/* Begin PBXSourcesBuildPhase section */
		DD8CD173158C27F200067C1B /* Sources */ = {
			isa = PBXSourcesBuildPhase;
			buildActionMask = 2147483647;
			files = (
				DD8CD188158C27F300067C1B /* main.m in Sources */,
				DD8CD18C158C27F300067C1B /* MBWPAppDelegate.m in Sources */,
				DD8CD18F158C27F300067C1B /* MBWPViewController.m in Sources */,
				DD8CD1B9158C2A7500067C1B /* MBWPSearchViewController.m in Sources */,
				DD8D9582158C4ABB00C4C4C3 /* MBWPDetailViewController.m in Sources */,
				DD9530A7158F933A00E9FD42 /* UIColor+MBWPExtensions.m in Sources */,
			);
			runOnlyForDeploymentPostprocessing = 0;
		};
/* End PBXSourcesBuildPhase section */

/* Begin PBXTargetDependency section */
		DD8CD1AE158C297600067C1B /* PBXTargetDependency */ = {
			isa = PBXTargetDependency;
			name = MapView;
			targetProxy = DD8CD1AD158C297600067C1B /* PBXContainerItemProxy */;
		};
/* End PBXTargetDependency section */

/* Begin PBXVariantGroup section */
		DD8CD184158C27F300067C1B /* InfoPlist.strings */ = {
			isa = PBXVariantGroup;
			children = (
				DD8CD185158C27F300067C1B /* en */,
			);
			name = InfoPlist.strings;
			sourceTree = "<group>";
		};
		DD8CD190158C27F300067C1B /* MBWPViewController.xib */ = {
			isa = PBXVariantGroup;
			children = (
				DD8CD191158C27F300067C1B /* en */,
			);
			name = MBWPViewController.xib;
			sourceTree = "<group>";
		};
/* End PBXVariantGroup section */

/* Begin XCBuildConfiguration section */
		DD8CD193158C27F300067C1B /* Debug */ = {
			isa = XCBuildConfiguration;
			buildSettings = {
				ALWAYS_SEARCH_USER_PATHS = NO;
				ARCHS = "$(ARCHS_STANDARD_32_BIT)";
				CLANG_ENABLE_OBJC_ARC = YES;
				"CODE_SIGN_IDENTITY[sdk=iphoneos*]" = "iPhone Developer";
				COPY_PHASE_STRIP = NO;
				GCC_C_LANGUAGE_STANDARD = gnu99;
				GCC_DYNAMIC_NO_PIC = NO;
				GCC_OPTIMIZATION_LEVEL = 0;
				GCC_PREPROCESSOR_DEFINITIONS = (
					"DEBUG=1",
					"$(inherited)",
				);
				GCC_SYMBOLS_PRIVATE_EXTERN = NO;
				GCC_VERSION = com.apple.compilers.llvm.clang.1_0;
				GCC_WARN_ABOUT_RETURN_TYPE = YES;
				GCC_WARN_UNINITIALIZED_AUTOS = YES;
				GCC_WARN_UNUSED_VARIABLE = YES;
				IPHONEOS_DEPLOYMENT_TARGET = 5.0;
				SDKROOT = iphoneos;
			};
			name = Debug;
		};
		DD8CD194158C27F300067C1B /* Release */ = {
			isa = XCBuildConfiguration;
			buildSettings = {
				ALWAYS_SEARCH_USER_PATHS = NO;
				ARCHS = "$(ARCHS_STANDARD_32_BIT)";
				CLANG_ENABLE_OBJC_ARC = YES;
				"CODE_SIGN_IDENTITY[sdk=iphoneos*]" = "iPhone Developer";
				COPY_PHASE_STRIP = YES;
				GCC_C_LANGUAGE_STANDARD = gnu99;
				GCC_VERSION = com.apple.compilers.llvm.clang.1_0;
				GCC_WARN_ABOUT_RETURN_TYPE = YES;
				GCC_WARN_UNINITIALIZED_AUTOS = YES;
				GCC_WARN_UNUSED_VARIABLE = YES;
				IPHONEOS_DEPLOYMENT_TARGET = 5.0;
				OTHER_CFLAGS = "-DNS_BLOCK_ASSERTIONS=1";
				"PROVISIONING_PROFILE[sdk=iphoneos*]" = "";
				SDKROOT = iphoneos;
				VALIDATE_PRODUCT = YES;
			};
			name = Release;
		};
		DD8CD196158C27F300067C1B /* Debug */ = {
			isa = XCBuildConfiguration;
			buildSettings = {
				ARCHS = armv7;
				GCC_PRECOMPILE_PREFIX_HEADER = YES;
				GCC_PREFIX_HEADER = "Weekend Picks/Weekend Picks-Prefix.pch";
				HEADER_SEARCH_PATHS = "\"$(SRCROOT)/MapBox-iOS-SDK/**";
				INFOPLIST_FILE = "Weekend Picks/Weekend Picks-Info.plist";
				OTHER_LDFLAGS = "-ObjC";
				PRODUCT_NAME = Picks;
				WRAPPER_EXTENSION = app;
			};
			name = Debug;
		};
		DD8CD197158C27F300067C1B /* Release */ = {
			isa = XCBuildConfiguration;
			buildSettings = {
				ARCHS = armv7;
				GCC_PRECOMPILE_PREFIX_HEADER = YES;
				GCC_PREFIX_HEADER = "Weekend Picks/Weekend Picks-Prefix.pch";
				HEADER_SEARCH_PATHS = "\"$(SRCROOT)/MapBox-iOS-SDK/**";
				INFOPLIST_FILE = "Weekend Picks/Weekend Picks-Info.plist";
				OTHER_LDFLAGS = "-ObjC";
				PRODUCT_NAME = Picks;
				WRAPPER_EXTENSION = app;
			};
			name = Release;
		};
		DDD7C5EA159001E90061B9F4 /* Ad Hoc */ = {
			isa = XCBuildConfiguration;
			buildSettings = {
				ALWAYS_SEARCH_USER_PATHS = NO;
				ARCHS = "$(ARCHS_STANDARD_32_BIT)";
				CLANG_ENABLE_OBJC_ARC = YES;
				"CODE_SIGN_IDENTITY[sdk=iphoneos*]" = "iPhone Distribution";
				COPY_PHASE_STRIP = YES;
				GCC_C_LANGUAGE_STANDARD = gnu99;
				GCC_VERSION = com.apple.compilers.llvm.clang.1_0;
				GCC_WARN_ABOUT_RETURN_TYPE = YES;
				GCC_WARN_UNINITIALIZED_AUTOS = YES;
				GCC_WARN_UNUSED_VARIABLE = YES;
				IPHONEOS_DEPLOYMENT_TARGET = 5.0;
				OTHER_CFLAGS = "-DNS_BLOCK_ASSERTIONS=1";
				"PROVISIONING_PROFILE[sdk=iphoneos*]" = "";
				SDKROOT = iphoneos;
				VALIDATE_PRODUCT = YES;
			};
			name = "Ad Hoc";
		};
		DDD7C5EB159001E90061B9F4 /* Ad Hoc */ = {
			isa = XCBuildConfiguration;
			buildSettings = {
				ARCHS = armv7;
				CODE_SIGN_ENTITLEMENTS = Entitlements.plist;
				GCC_PRECOMPILE_PREFIX_HEADER = YES;
				GCC_PREFIX_HEADER = "Weekend Picks/Weekend Picks-Prefix.pch";
				HEADER_SEARCH_PATHS = "\"$(SRCROOT)/MapBox-iOS-SDK/**";
				INFOPLIST_FILE = "Weekend Picks/Weekend Picks-Info.plist";
				OTHER_LDFLAGS = "-ObjC";
				PRODUCT_NAME = Picks;
				WRAPPER_EXTENSION = app;
			};
			name = "Ad Hoc";
		};
/* End XCBuildConfiguration section */

/* Begin XCConfigurationList section */
		DD8CD171158C27F200067C1B /* Build configuration list for PBXProject "Weekend Picks" */ = {
			isa = XCConfigurationList;
			buildConfigurations = (
				DD8CD193158C27F300067C1B /* Debug */,
				DD8CD194158C27F300067C1B /* Release */,
				DDD7C5EA159001E90061B9F4 /* Ad Hoc */,
			);
			defaultConfigurationIsVisible = 0;
			defaultConfigurationName = Release;
		};
		DD8CD195158C27F300067C1B /* Build configuration list for PBXNativeTarget "Weekend Picks" */ = {
			isa = XCConfigurationList;
			buildConfigurations = (
				DD8CD196158C27F300067C1B /* Debug */,
				DD8CD197158C27F300067C1B /* Release */,
				DDD7C5EB159001E90061B9F4 /* Ad Hoc */,
			);
			defaultConfigurationIsVisible = 0;
			defaultConfigurationName = Release;
		};
/* End XCConfigurationList section */
	};
	rootObject = DD8CD16E158C27F200067C1B /* Project object */;
}
